# This file is automatically @generated by Cargo.
# It is not intended for manual editing.
version = 4

[[package]]
name = "spore-cli"
version = "0.1.0"
dependencies = [
 "sporec",
]

[[package]]
name = "spore-codegen"
version = "0.1.0"
dependencies = [
 "spore-parser",
 "spore-typeck",
]

[[package]]
name = "spore-lsp"
version = "0.1.0"
dependencies = [
 "sporec",
]

[[package]]
name = "spore-parser"
version = "0.1.0"

[[package]]
name = "spore-typeck"
version = "0.1.0"
dependencies = [
 "spore-parser",
]

[[package]]
name = "sporec"
version = "0.1.0"
dependencies = [
 "spore-codegen",
 "spore-parser",
 "spore-typeck",
]
